
Microsoft Visual Studio Solution File, Format Version 12.00
# Visual Studio Version 17
VisualStudioVersion = 17.8.34330.188
MinimumVisualStudioVersion = 10.0.40219.1
Project("{FAE04EC0-301F-11D3-BF4B-00C04F79EFBC}") = "QuranApp", "QuranApp.csproj", "{7FEEA0E8-9B63-4C51-96CD-05D4938357FF}"
EndProject
Global
	GlobalSection(SolutionConfigurationPlatforms) = preSolution
		Debug|Any CPU = Debug|Any CPU
		Release|Any CPU = Release|Any CPU
	EndGlobalSection
	GlobalSection(ProjectConfigurationPlatforms) = postSolution
		{7FEEA0E8-9B63-4C51-96CD-05D4938357FF}.Debug|Any CPU.ActiveCfg = Debug|Any CPU
		{7FEEA0E8-9B63-4C51-96CD-05D4938357FF}.Debug|Any CPU.Build.0 = Debug|Any CPU
		{7FEEA0E8-9B63-4C51-96CD-05D4938357FF}.Release|Any CPU.ActiveCfg = Release|Any CPU
		{7FEEA0E8-9B63-4C51-96CD-05D4938357FF}.Release|Any CPU.Build.0 = Release|Any CPU
	EndGlobalSection
	GlobalSection(SolutionProperties) = preSolution
		HideSolutionNode = FALSE
	EndGlobalSection
	GlobalSection(ExtensibilityGlobals) = postSolution
		SolutionGuid = {0EAA07FB-B96B-410F-9B9E-D3CC122FA5E7}
	EndGlobalSection
EndGlobal
